
Microsoft Visual Studio Solution File, Format Version 12.00
# Visual Studio Version 16
VisualStudioVersion = 16.0.32106.194
MinimumVisualStudioVersion = 10.0.40219.1
Project("{FAE04EC0-301F-11D3-BF4B-00C04F79EFBC}") = "TestAddressBookDataDrivenWithParameter", "TestAddressBookDataDrivenWithParameter\TestAddressBookDataDrivenWithParameter.csproj", "{4EE4DF01-218C-4D53-B26F-7E03ACE7751D}"
EndProject
Global
	GlobalSection(SolutionConfigurationPlatforms) = preSolution
		Debug|Any CPU = Debug|Any CPU
		Release|Any CPU = Release|Any CPU
	EndGlobalSection
	GlobalSection(ProjectConfigurationPlatforms) = postSolution
		{4EE4DF01-218C-4D53-B26F-7E03ACE7751D}.Debug|Any CPU.ActiveCfg = Debug|Any CPU
		{4EE4DF01-218C-4D53-B26F-7E03ACE7751D}.Debug|Any CPU.Build.0 = Debug|Any CPU
		{4EE4DF01-218C-4D53-B26F-7E03ACE7751D}.Release|Any CPU.ActiveCfg = Release|Any CPU
		{4EE4DF01-218C-4D53-B26F-7E03ACE7751D}.Release|Any CPU.Build.0 = Release|Any CPU
	EndGlobalSection
	GlobalSection(SolutionProperties) = preSolution
		HideSolutionNode = FALSE
	EndGlobalSection
	GlobalSection(ExtensibilityGlobals) = postSolution
		SolutionGuid = {7653CD87-03CB-4005-BDCD-58452A843A66}
	EndGlobalSection
EndGlobal
